
Microsoft Visual Studio Solution File, Format Version 12.00
# Visual Studio Version 16
VisualStudioVersion = 16.0.30717.126
MinimumVisualStudioVersion = 10.0.40219.1
Project("{FAE04EC0-301F-11D3-BF4B-00C04F79EFBC}") = "ChuTrinhEuler", "ChuTrinhEuler\ChuTrinhEuler.csproj", "{B4FE330F-22BB-4D99-8861-D9F7311AC99C}"
EndProject
Global
	GlobalSection(SolutionConfigurationPlatforms) = preSolution
		Debug|Any CPU = Debug|Any CPU
		Release|Any CPU = Release|Any CPU
	EndGlobalSection
	GlobalSection(ProjectConfigurationPlatforms) = postSolution
		{B4FE330F-22BB-4D99-8861-D9F7311AC99C}.Debug|Any CPU.ActiveCfg = Debug|Any CPU
		{B4FE330F-22BB-4D99-8861-D9F7311AC99C}.Debug|Any CPU.Build.0 = Debug|Any CPU
		{B4FE330F-22BB-4D99-8861-D9F7311AC99C}.Release|Any CPU.ActiveCfg = Release|Any CPU
		{B4FE330F-22BB-4D99-8861-D9F7311AC99C}.Release|Any CPU.Build.0 = Release|Any CPU
	EndGlobalSection
	GlobalSection(SolutionProperties) = preSolution
		HideSolutionNode = FALSE
	EndGlobalSection
	GlobalSection(ExtensibilityGlobals) = postSolution
		SolutionGuid = {0F80D6DD-1640-443A-8D8D-8A7D544505C5}
	EndGlobalSection
EndGlobal
